
Microsoft Visual Studio Solution File, Format Version 12.00
# Visual Studio Express 2012 for Windows Desktop
Project("{8BC9CEB8-8B4A-11D0-8D11-00A0C91BC942}") = "Tv", "Tv\Tv.vcxproj", "{C2476C70-8643-4CED-87BA-08437E11A44D}"
EndProject
Project("{8BC9CEB8-8B4A-11D0-8D11-00A0C91BC942}") = "TvTests", "TvTests\TvTests.vcxproj", "{4479C18E-45B0-47CE-A7B1-97C744E4882B}"
EndProject
Project("{8BC9CEB8-8B4A-11D0-8D11-00A0C91BC942}") = "lab4-1", "lab4-1\lab4-1.vcxproj", "{0E339F64-FE4C-4C12-A450-D6B62F5911F1}"
EndProject
Project("{8BC9CEB8-8B4A-11D0-8D11-00A0C91BC942}") = "TestCar", "TestCar\TestCar.vcxproj", "{695D3882-7D94-4080-979C-B26F27D543D4}"
EndProject
Project("{8BC9CEB8-8B4A-11D0-8D11-00A0C91BC942}") = "lab4-2", "lab4-2\lab4-2.vcxproj", "{4AB17768-5F78-4744-8CC2-47E53686B51D}"
EndProject
Project("{8BC9CEB8-8B4A-11D0-8D11-00A0C91BC942}") = "TestRectangle", "TestRectangle\TestRectangle.vcxproj", "{0B708EF8-0A2D-4A4B-A622-B25C2039922E}"
EndProject
Project("{8BC9CEB8-8B4A-11D0-8D11-00A0C91BC942}") = "lab4-3", "lab4-3\lab4-3.vcxproj", "{2AD526C4-5FAB-4861-83B0-1FA60E9ABE25}"
EndProject
Project("{8BC9CEB8-8B4A-11D0-8D11-00A0C91BC942}") = "TestFile", "TesrtFile\TesrtFile.vcxproj", "{1507C1C7-017C-48A3-B8EA-3098DC8891B5}"
EndProject
Project("{8BC9CEB8-8B4A-11D0-8D11-00A0C91BC942}") = "lab4-4", "lab4-4\lab4-4.vcxproj", "{41D60333-F67A-40C4-B778-CA8D0550A909}"
EndProject
Project("{8BC9CEB8-8B4A-11D0-8D11-00A0C91BC942}") = "AddressBookTest", "AddressBookTest\AddressBookTest.vcxproj", "{6ED28118-D4FB-4C7E-998A-70B6B099ABB2}"
EndProject
Global
	GlobalSection(SolutionConfigurationPlatforms) = preSolution
		Debug|Win32 = Debug|Win32
		Release|Win32 = Release|Win32
	EndGlobalSection
	GlobalSection(ProjectConfigurationPlatforms) = postSolution
		{C2476C70-8643-4CED-87BA-08437E11A44D}.Debug|Win32.ActiveCfg = Debug|Win32
		{C2476C70-8643-4CED-87BA-08437E11A44D}.Debug|Win32.Build.0 = Debug|Win32
		{C2476C70-8643-4CED-87BA-08437E11A44D}.Release|Win32.ActiveCfg = Release|Win32
		{C2476C70-8643-4CED-87BA-08437E11A44D}.Release|Win32.Build.0 = Release|Win32
		{4479C18E-45B0-47CE-A7B1-97C744E4882B}.Debug|Win32.ActiveCfg = Debug|Win32
		{4479C18E-45B0-47CE-A7B1-97C744E4882B}.Debug|Win32.Build.0 = Debug|Win32
		{4479C18E-45B0-47CE-A7B1-97C744E4882B}.Release|Win32.ActiveCfg = Release|Win32
		{4479C18E-45B0-47CE-A7B1-97C744E4882B}.Release|Win32.Build.0 = Release|Win32
		{0E339F64-FE4C-4C12-A450-D6B62F5911F1}.Debug|Win32.ActiveCfg = Debug|Win32
		{0E339F64-FE4C-4C12-A450-D6B62F5911F1}.Debug|Win32.Build.0 = Debug|Win32
		{0E339F64-FE4C-4C12-A450-D6B62F5911F1}.Release|Win32.ActiveCfg = Release|Win32
		{0E339F64-FE4C-4C12-A450-D6B62F5911F1}.Release|Win32.Build.0 = Release|Win32
		{695D3882-7D94-4080-979C-B26F27D543D4}.Debug|Win32.ActiveCfg = Debug|Win32
		{695D3882-7D94-4080-979C-B26F27D543D4}.Debug|Win32.Build.0 = Debug|Win32
		{695D3882-7D94-4080-979C-B26F27D543D4}.Release|Win32.ActiveCfg = Release|Win32
		{695D3882-7D94-4080-979C-B26F27D543D4}.Release|Win32.Build.0 = Release|Win32
		{4AB17768-5F78-4744-8CC2-47E53686B51D}.Debug|Win32.ActiveCfg = Debug|Win32
		{4AB17768-5F78-4744-8CC2-47E53686B51D}.Debug|Win32.Build.0 = Debug|Win32
		{4AB17768-5F78-4744-8CC2-47E53686B51D}.Release|Win32.ActiveCfg = Release|Win32
		{4AB17768-5F78-4744-8CC2-47E53686B51D}.Release|Win32.Build.0 = Release|Win32
		{0B708EF8-0A2D-4A4B-A622-B25C2039922E}.Debug|Win32.ActiveCfg = Debug|Win32
		{0B708EF8-0A2D-4A4B-A622-B25C2039922E}.Debug|Win32.Build.0 = Debug|Win32
		{0B708EF8-0A2D-4A4B-A622-B25C2039922E}.Release|Win32.ActiveCfg = Release|Win32
		{0B708EF8-0A2D-4A4B-A622-B25C2039922E}.Release|Win32.Build.0 = Release|Win32
		{2AD526C4-5FAB-4861-83B0-1FA60E9ABE25}.Debug|Win32.ActiveCfg = Debug|Win32
		{2AD526C4-5FAB-4861-83B0-1FA60E9ABE25}.Debug|Win32.Build.0 = Debug|Win32
		{2AD526C4-5FAB-4861-83B0-1FA60E9ABE25}.Release|Win32.ActiveCfg = Release|Win32
		{2AD526C4-5FAB-4861-83B0-1FA60E9ABE25}.Release|Win32.Build.0 = Release|Win32
		{1507C1C7-017C-48A3-B8EA-3098DC8891B5}.Debug|Win32.ActiveCfg = Debug|Win32
		{1507C1C7-017C-48A3-B8EA-3098DC8891B5}.Debug|Win32.Build.0 = Debug|Win32
		{1507C1C7-017C-48A3-B8EA-3098DC8891B5}.Release|Win32.ActiveCfg = Release|Win32
		{1507C1C7-017C-48A3-B8EA-3098DC8891B5}.Release|Win32.Build.0 = Release|Win32
		{41D60333-F67A-40C4-B778-CA8D0550A909}.Debug|Win32.ActiveCfg = Debug|Win32
		{41D60333-F67A-40C4-B778-CA8D0550A909}.Debug|Win32.Build.0 = Debug|Win32
		{41D60333-F67A-40C4-B778-CA8D0550A909}.Release|Win32.ActiveCfg = Release|Win32
		{41D60333-F67A-40C4-B778-CA8D0550A909}.Release|Win32.Build.0 = Release|Win32
		{6ED28118-D4FB-4C7E-998A-70B6B099ABB2}.Debug|Win32.ActiveCfg = Debug|Win32
		{6ED28118-D4FB-4C7E-998A-70B6B099ABB2}.Debug|Win32.Build.0 = Debug|Win32
		{6ED28118-D4FB-4C7E-998A-70B6B099ABB2}.Release|Win32.ActiveCfg = Release|Win32
		{6ED28118-D4FB-4C7E-998A-70B6B099ABB2}.Release|Win32.Build.0 = Release|Win32
	EndGlobalSection
	GlobalSection(SolutionProperties) = preSolution
		HideSolutionNode = FALSE
	EndGlobalSection
EndGlobal
