
Microsoft Visual Studio Solution File, Format Version 11.00
# Visual C++ Express 2010
Project("{8BC9CEB8-8B4A-11D0-8D11-00A0C91BC942}") = "findtext", "lab2-1\lab2-1.vcxproj", "{702C6DE2-16E2-4A1C-9B0A-AAC276755D88}"
EndProject
Project("{8BC9CEB8-8B4A-11D0-8D11-00A0C91BC942}") = "solve", "solve\solve.vcxproj", "{B48AFA36-3DAB-43C4-9ABB-D132C8839D8C}"
EndProject
Project("{8BC9CEB8-8B4A-11D0-8D11-00A0C91BC942}") = "invert", "invert\invert.vcxproj", "{D7D4C8CB-9BD1-4717-A56E-F31F7633B3E7}"
EndProject
Project("{8BC9CEB8-8B4A-11D0-8D11-00A0C91BC942}") = "rle", "rle\rle.vcxproj", "{C6DDC105-DD9C-4B8A-BC98-DC4BE21E92E0}"
EndProject
Project("{8BC9CEB8-8B4A-11D0-8D11-00A0C91BC942}") = "crypt", "crypt\crypt.vcxproj", "{96134394-8C2B-4CAA-888A-BECA0A37E258}"
EndProject
Global
	GlobalSection(SolutionConfigurationPlatforms) = preSolution
		Debug|Win32 = Debug|Win32
		Release|Win32 = Release|Win32
	EndGlobalSection
	GlobalSection(ProjectConfigurationPlatforms) = postSolution
		{702C6DE2-16E2-4A1C-9B0A-AAC276755D88}.Debug|Win32.ActiveCfg = Debug|Win32
		{702C6DE2-16E2-4A1C-9B0A-AAC276755D88}.Debug|Win32.Build.0 = Debug|Win32
		{702C6DE2-16E2-4A1C-9B0A-AAC276755D88}.Release|Win32.ActiveCfg = Release|Win32
		{702C6DE2-16E2-4A1C-9B0A-AAC276755D88}.Release|Win32.Build.0 = Release|Win32
		{B48AFA36-3DAB-43C4-9ABB-D132C8839D8C}.Debug|Win32.ActiveCfg = Debug|Win32
		{B48AFA36-3DAB-43C4-9ABB-D132C8839D8C}.Debug|Win32.Build.0 = Debug|Win32
		{B48AFA36-3DAB-43C4-9ABB-D132C8839D8C}.Release|Win32.ActiveCfg = Release|Win32
		{B48AFA36-3DAB-43C4-9ABB-D132C8839D8C}.Release|Win32.Build.0 = Release|Win32
		{D7D4C8CB-9BD1-4717-A56E-F31F7633B3E7}.Debug|Win32.ActiveCfg = Debug|Win32
		{D7D4C8CB-9BD1-4717-A56E-F31F7633B3E7}.Debug|Win32.Build.0 = Debug|Win32
		{D7D4C8CB-9BD1-4717-A56E-F31F7633B3E7}.Release|Win32.ActiveCfg = Release|Win32
		{D7D4C8CB-9BD1-4717-A56E-F31F7633B3E7}.Release|Win32.Build.0 = Release|Win32
		{C6DDC105-DD9C-4B8A-BC98-DC4BE21E92E0}.Debug|Win32.ActiveCfg = Debug|Win32
		{C6DDC105-DD9C-4B8A-BC98-DC4BE21E92E0}.Debug|Win32.Build.0 = Debug|Win32
		{C6DDC105-DD9C-4B8A-BC98-DC4BE21E92E0}.Release|Win32.ActiveCfg = Release|Win32
		{C6DDC105-DD9C-4B8A-BC98-DC4BE21E92E0}.Release|Win32.Build.0 = Release|Win32
		{96134394-8C2B-4CAA-888A-BECA0A37E258}.Debug|Win32.ActiveCfg = Debug|Win32
		{96134394-8C2B-4CAA-888A-BECA0A37E258}.Debug|Win32.Build.0 = Debug|Win32
		{96134394-8C2B-4CAA-888A-BECA0A37E258}.Release|Win32.ActiveCfg = Release|Win32
		{96134394-8C2B-4CAA-888A-BECA0A37E258}.Release|Win32.Build.0 = Release|Win32
	EndGlobalSection
	GlobalSection(SolutionProperties) = preSolution
		HideSolutionNode = FALSE
	EndGlobalSection
EndGlobal
