
Microsoft Visual Studio Solution File, Format Version 12.00
# Visual Studio Express 2012 for Windows Desktop
Project("{8BC9CEB8-8B4A-11D0-8D11-00A0C91BC942}") = "lab3-1", "lab3\lab3.vcxproj", "{C8C36665-FC6F-427E-A3E8-569B76CD2748}"
EndProject
Project("{8BC9CEB8-8B4A-11D0-8D11-00A0C91BC942}") = "lab3-2", "lab3-2\lab3-2.vcxproj", "{D8D85217-EFBD-463B-A44E-C9DB214A09D8}"
EndProject
Project("{8BC9CEB8-8B4A-11D0-8D11-00A0C91BC942}") = "lab3-3", "lab3-3\lab3-3.vcxproj", "{8E4D8A4B-6E23-4DE6-8CDC-3580CBCC16C5}"
EndProject
Project("{8BC9CEB8-8B4A-11D0-8D11-00A0C91BC942}") = "lab3-4", "lab3-4\lab3-4.vcxproj", "{DC7B7BE3-4865-4AE1-BD5D-2AD2D49588DF}"
EndProject
Project("{8BC9CEB8-8B4A-11D0-8D11-00A0C91BC942}") = "lab3-5", "lab3-5\lab3-5.vcxproj", "{518130B6-051A-41CA-B07D-C4F513A1BDC0}"
EndProject
Global
	GlobalSection(SolutionConfigurationPlatforms) = preSolution
		Debug|Win32 = Debug|Win32
		Release|Win32 = Release|Win32
	EndGlobalSection
	GlobalSection(ProjectConfigurationPlatforms) = postSolution
		{C8C36665-FC6F-427E-A3E8-569B76CD2748}.Debug|Win32.ActiveCfg = Debug|Win32
		{C8C36665-FC6F-427E-A3E8-569B76CD2748}.Debug|Win32.Build.0 = Debug|Win32
		{C8C36665-FC6F-427E-A3E8-569B76CD2748}.Release|Win32.ActiveCfg = Release|Win32
		{C8C36665-FC6F-427E-A3E8-569B76CD2748}.Release|Win32.Build.0 = Release|Win32
		{D8D85217-EFBD-463B-A44E-C9DB214A09D8}.Debug|Win32.ActiveCfg = Debug|Win32
		{D8D85217-EFBD-463B-A44E-C9DB214A09D8}.Debug|Win32.Build.0 = Debug|Win32
		{D8D85217-EFBD-463B-A44E-C9DB214A09D8}.Release|Win32.ActiveCfg = Release|Win32
		{D8D85217-EFBD-463B-A44E-C9DB214A09D8}.Release|Win32.Build.0 = Release|Win32
		{8E4D8A4B-6E23-4DE6-8CDC-3580CBCC16C5}.Debug|Win32.ActiveCfg = Debug|Win32
		{8E4D8A4B-6E23-4DE6-8CDC-3580CBCC16C5}.Debug|Win32.Build.0 = Debug|Win32
		{8E4D8A4B-6E23-4DE6-8CDC-3580CBCC16C5}.Release|Win32.ActiveCfg = Release|Win32
		{8E4D8A4B-6E23-4DE6-8CDC-3580CBCC16C5}.Release|Win32.Build.0 = Release|Win32
		{DC7B7BE3-4865-4AE1-BD5D-2AD2D49588DF}.Debug|Win32.ActiveCfg = Debug|Win32
		{DC7B7BE3-4865-4AE1-BD5D-2AD2D49588DF}.Debug|Win32.Build.0 = Debug|Win32
		{DC7B7BE3-4865-4AE1-BD5D-2AD2D49588DF}.Release|Win32.ActiveCfg = Release|Win32
		{DC7B7BE3-4865-4AE1-BD5D-2AD2D49588DF}.Release|Win32.Build.0 = Release|Win32
		{518130B6-051A-41CA-B07D-C4F513A1BDC0}.Debug|Win32.ActiveCfg = Debug|Win32
		{518130B6-051A-41CA-B07D-C4F513A1BDC0}.Debug|Win32.Build.0 = Debug|Win32
		{518130B6-051A-41CA-B07D-C4F513A1BDC0}.Release|Win32.ActiveCfg = Release|Win32
		{518130B6-051A-41CA-B07D-C4F513A1BDC0}.Release|Win32.Build.0 = Release|Win32
	EndGlobalSection
	GlobalSection(SolutionProperties) = preSolution
		HideSolutionNode = FALSE
	EndGlobalSection
EndGlobal
